
Microsoft Visual Studio Solution File, Format Version 12.00
# Visual Studio 2013
VisualStudioVersion = 12.0.21005.1
MinimumVisualStudioVersion = 10.0.40219.1
Project("{FAE04EC0-301F-11D3-BF4B-00C04F79EFBC}") = "Filevideo", "Filevideo\Filevideo.csproj", "{E21F976B-8350-49EB-BCB9-A3BA85316261}"
EndProject
Project("{FAE04EC0-301F-11D3-BF4B-00C04F79EFBC}") = "FV_Test", "FV_Test\FV_Test.csproj", "{F6F4886E-B67C-44EF-BEBC-00D7056E3CFB}"
EndProject
Global
	GlobalSection(TeamFoundationVersionControl) = preSolution
		SccNumberOfProjects = 3
		SccEnterpriseProvider = {4CA58AB2-18FA-4F8D-95D4-32DDF27D184C}
		SccTeamFoundationServer = https://lebaus.visualstudio.com/defaultcollection
		SccLocalPath0 = .
		SccProjectUniqueName1 = Filevideo\\Filevideo.csproj
		SccProjectName1 = Filevideo
		SccLocalPath1 = Filevideo
		SccProjectUniqueName2 = FV_Test\\FV_Test.csproj
		SccProjectName2 = FV_Test
		SccLocalPath2 = FV_Test
	EndGlobalSection
	GlobalSection(SolutionConfigurationPlatforms) = preSolution
		Debug|Any CPU = Debug|Any CPU
		Release|Any CPU = Release|Any CPU
	EndGlobalSection
	GlobalSection(ProjectConfigurationPlatforms) = postSolution
		{E21F976B-8350-49EB-BCB9-A3BA85316261}.Debug|Any CPU.ActiveCfg = Debug|Any CPU
		{E21F976B-8350-49EB-BCB9-A3BA85316261}.Debug|Any CPU.Build.0 = Debug|Any CPU
		{E21F976B-8350-49EB-BCB9-A3BA85316261}.Release|Any CPU.ActiveCfg = Release|Any CPU
		{E21F976B-8350-49EB-BCB9-A3BA85316261}.Release|Any CPU.Build.0 = Release|Any CPU
		{F6F4886E-B67C-44EF-BEBC-00D7056E3CFB}.Debug|Any CPU.ActiveCfg = Debug|Any CPU
		{F6F4886E-B67C-44EF-BEBC-00D7056E3CFB}.Debug|Any CPU.Build.0 = Debug|Any CPU
		{F6F4886E-B67C-44EF-BEBC-00D7056E3CFB}.Release|Any CPU.ActiveCfg = Release|Any CPU
		{F6F4886E-B67C-44EF-BEBC-00D7056E3CFB}.Release|Any CPU.Build.0 = Release|Any CPU
	EndGlobalSection
	GlobalSection(SolutionProperties) = preSolution
		HideSolutionNode = FALSE
	EndGlobalSection
EndGlobal
